// !$*UTF8*$!
{
	archiveVersion = 1;
	classes = {
	};
	objectVersion = 55;
	objects = {

/* Begin PBXBuildFile section */
		958FD9B59EF5E8B178421E7F /* Pods_OpenSeaAssets.framework in Frameworks */ = {isa = PBXBuildFile; fileRef = 23FA720F9FCF58FD8C0CD5EF /* Pods_OpenSeaAssets.framework */; };
		AFB6261C27C6299D00019179 /* OpenSeaAssetsApp.swift in Sources */ = {isa = PBXBuildFile; fileRef = AFB6261B27C6299D00019179 /* OpenSeaAssetsApp.swift */; };
		AFB6261E27C6299D00019179 /* ContentView.swift in Sources */ = {isa = PBXBuildFile; fileRef = AFB6261D27C6299D00019179 /* ContentView.swift */; };
		AFB6262027C629A400019179 /* Assets.xcassets in Resources */ = {isa = PBXBuildFile; fileRef = AFB6261F27C629A400019179 /* Assets.xcassets */; };
		AFB6262327C629A400019179 /* Preview Assets.xcassets in Resources */ = {isa = PBXBuildFile; fileRef = AFB6262227C629A400019179 /* Preview Assets.xcassets */; };
		AFB6263C27C641E100019179 /* Asset.swift in Sources */ = {isa = PBXBuildFile; fileRef = AFB6263A27C641E100019179 /* Asset.swift */; };
		AFB6264127C641ED00019179 /* NetworkServiceProvider.swift in Sources */ = {isa = PBXBuildFile; fileRef = AFB6263E27C641ED00019179 /* NetworkServiceProvider.swift */; };
		AFB6264227C641ED00019179 /* NetworkService.swift in Sources */ = {isa = PBXBuildFile; fileRef = AFB6263F27C641ED00019179 /* NetworkService.swift */; };
		AFB6264327C641ED00019179 /* OpenSeaAPI.swift in Sources */ = {isa = PBXBuildFile; fileRef = AFB6264027C641ED00019179 /* OpenSeaAPI.swift */; };
		AFB6264527C6420500019179 /* OpenSeaModel.swift in Sources */ = {isa = PBXBuildFile; fileRef = AFB6264427C6420500019179 /* OpenSeaModel.swift */; };
/* End PBXBuildFile section */

/* Begin PBXFileReference section */
		23FA720F9FCF58FD8C0CD5EF /* Pods_OpenSeaAssets.framework */ = {isa = PBXFileReference; explicitFileType = wrapper.framework; includeInIndex = 0; path = Pods_OpenSeaAssets.framework; sourceTree = BUILT_PRODUCTS_DIR; };
		ABD68B1CF2FFD4597A1C493C /* Pods-OpenSeaAssets.release.xcconfig */ = {isa = PBXFileReference; includeInIndex = 1; lastKnownFileType = text.xcconfig; name = "Pods-OpenSeaAssets.release.xcconfig"; path = "Target Support Files/Pods-OpenSeaAssets/Pods-OpenSeaAssets.release.xcconfig"; sourceTree = "<group>"; };
		AFB6261827C6299D00019179 /* OpenSeaAssets.app */ = {isa = PBXFileReference; explicitFileType = wrapper.application; includeInIndex = 0; path = OpenSeaAssets.app; sourceTree = BUILT_PRODUCTS_DIR; };
		AFB6261B27C6299D00019179 /* OpenSeaAssetsApp.swift */ = {isa = PBXFileReference; lastKnownFileType = sourcecode.swift; path = OpenSeaAssetsApp.swift; sourceTree = "<group>"; };
		AFB6261D27C6299D00019179 /* ContentView.swift */ = {isa = PBXFileReference; lastKnownFileType = sourcecode.swift; path = ContentView.swift; sourceTree = "<group>"; };
		AFB6261F27C629A400019179 /* Assets.xcassets */ = {isa = PBXFileReference; lastKnownFileType = folder.assetcatalog; path = Assets.xcassets; sourceTree = "<group>"; };
		AFB6262227C629A400019179 /* Preview Assets.xcassets */ = {isa = PBXFileReference; lastKnownFileType = folder.assetcatalog; path = "Preview Assets.xcassets"; sourceTree = "<group>"; };
		AFB6263A27C641E100019179 /* Asset.swift */ = {isa = PBXFileReference; fileEncoding = 4; lastKnownFileType = sourcecode.swift; path = Asset.swift; sourceTree = "<group>"; };
		AFB6263E27C641ED00019179 /* NetworkServiceProvider.swift */ = {isa = PBXFileReference; fileEncoding = 4; lastKnownFileType = sourcecode.swift; path = NetworkServiceProvider.swift; sourceTree = "<group>"; };
		AFB6263F27C641ED00019179 /* NetworkService.swift */ = {isa = PBXFileReference; fileEncoding = 4; lastKnownFileType = sourcecode.swift; path = NetworkService.swift; sourceTree = "<group>"; };
		AFB6264027C641ED00019179 /* OpenSeaAPI.swift */ = {isa = PBXFileReference; fileEncoding = 4; lastKnownFileType = sourcecode.swift; path = OpenSeaAPI.swift; sourceTree = "<group>"; };
		AFB6264427C6420500019179 /* OpenSeaModel.swift */ = {isa = PBXFileReference; lastKnownFileType = sourcecode.swift; path = OpenSeaModel.swift; sourceTree = "<group>"; };
		E5A9051E145EABCEE7EA47A0 /* Pods-OpenSeaAssets.debug.xcconfig */ = {isa = PBXFileReference; includeInIndex = 1; lastKnownFileType = text.xcconfig; name = "Pods-OpenSeaAssets.debug.xcconfig"; path = "Target Support Files/Pods-OpenSeaAssets/Pods-OpenSeaAssets.debug.xcconfig"; sourceTree = "<group>"; };
/* End PBXFileReference section */

/* Begin PBXFrameworksBuildPhase section */
		AFB6261527C6299D00019179 /* Frameworks */ = {
			isa = PBXFrameworksBuildPhase;
			buildActionMask = 2147483647;
			files = (
				958FD9B59EF5E8B178421E7F /* Pods_OpenSeaAssets.framework in Frameworks */,
			);
			runOnlyForDeploymentPostprocessing = 0;
		};
/* End PBXFrameworksBuildPhase section */

/* Begin PBXGroup section */
		866890313FF9E334FF78FB99 /* Frameworks */ = {
			isa = PBXGroup;
			children = (
				23FA720F9FCF58FD8C0CD5EF /* Pods_OpenSeaAssets.framework */,
			);
			name = Frameworks;
			sourceTree = "<group>";
		};
		AFB6260F27C6299D00019179 = {
			isa = PBXGroup;
			children = (
				AFB6261A27C6299D00019179 /* OpenSeaAssets */,
				AFB6261927C6299D00019179 /* Products */,
				B53829F9AA340DF68B1F056A /* Pods */,
				866890313FF9E334FF78FB99 /* Frameworks */,
			);
			sourceTree = "<group>";
		};
		AFB6261927C6299D00019179 /* Products */ = {
			isa = PBXGroup;
			children = (
				AFB6261827C6299D00019179 /* OpenSeaAssets.app */,
			);
			name = Products;
			sourceTree = "<group>";
		};
		AFB6261A27C6299D00019179 /* OpenSeaAssets */ = {
			isa = PBXGroup;
			children = (
				AFB6263D27C641ED00019179 /* Network */,
				AFB6263827C641E100019179 /* Models */,
				AFB6261B27C6299D00019179 /* OpenSeaAssetsApp.swift */,
				AFB6261D27C6299D00019179 /* ContentView.swift */,
				AFB6261F27C629A400019179 /* Assets.xcassets */,
				AFB6262127C629A400019179 /* Preview Content */,
			);
			path = OpenSeaAssets;
			sourceTree = "<group>";
		};
		AFB6262127C629A400019179 /* Preview Content */ = {
			isa = PBXGroup;
			children = (
				AFB6262227C629A400019179 /* Preview Assets.xcassets */,
			);
			path = "Preview Content";
			sourceTree = "<group>";
		};
		AFB6263827C641E100019179 /* Models */ = {
			isa = PBXGroup;
			children = (
				AFB6263A27C641E100019179 /* Asset.swift */,
				AFB6264427C6420500019179 /* OpenSeaModel.swift */,
			);
			path = Models;
			sourceTree = "<group>";
		};
		AFB6263D27C641ED00019179 /* Network */ = {
			isa = PBXGroup;
			children = (
				AFB6263E27C641ED00019179 /* NetworkServiceProvider.swift */,
				AFB6263F27C641ED00019179 /* NetworkService.swift */,
				AFB6264027C641ED00019179 /* OpenSeaAPI.swift */,
			);
			path = Network;
			sourceTree = "<group>";
		};
		B53829F9AA340DF68B1F056A /* Pods */ = {
			isa = PBXGroup;
			children = (
				E5A9051E145EABCEE7EA47A0 /* Pods-OpenSeaAssets.debug.xcconfig */,
				ABD68B1CF2FFD4597A1C493C /* Pods-OpenSeaAssets.release.xcconfig */,
			);
			path = Pods;
			sourceTree = "<group>";
		};
/* End PBXGroup section */

/* Begin PBXNativeTarget section */
		AFB6261727C6299D00019179 /* OpenSeaAssets */ = {
			isa = PBXNativeTarget;
			buildConfigurationList = AFB6262627C629A500019179 /* Build configuration list for PBXNativeTarget "OpenSeaAssets" */;
			buildPhases = (
				F594351F696D5025794BDED4 /* [CP] Check Pods Manifest.lock */,
				AFB6261427C6299D00019179 /* Sources */,
				AFB6261527C6299D00019179 /* Frameworks */,
				AFB6261627C6299D00019179 /* Resources */,
				5633152C37A2A4A3803A0FC0 /* [CP] Embed Pods Frameworks */,
			);
			buildRules = (
			);
			dependencies = (
			);
			name = OpenSeaAssets;
			productName = OpenSeaAssets;
			productReference = AFB6261827C6299D00019179 /* OpenSeaAssets.app */;
			productType = "com.apple.product-type.application";
		};
/* End PBXNativeTarget section */

/* Begin PBXProject section */
		AFB6261027C6299D00019179 /* Project object */ = {
			isa = PBXProject;
			attributes = {
				BuildIndependentTargetsInParallel = 1;
				LastSwiftUpdateCheck = 1310;
				LastUpgradeCheck = 1310;
				TargetAttributes = {
					AFB6261727C6299D00019179 = {
						CreatedOnToolsVersion = 13.1;
					};
				};
			};
			buildConfigurationList = AFB6261327C6299D00019179 /* Build configuration list for PBXProject "OpenSeaAssets" */;
			compatibilityVersion = "Xcode 13.0";
			developmentRegion = en;
			hasScannedForEncodings = 0;
			knownRegions = (
				en,
				Base,
			);
			mainGroup = AFB6260F27C6299D00019179;
			productRefGroup = AFB6261927C6299D00019179 /* Products */;
			projectDirPath = "";
			projectRoot = "";
			targets = (
				AFB6261727C6299D00019179 /* OpenSeaAssets */,
			);
		};
/* End PBXProject section */

/* Begin PBXResourcesBuildPhase section */
		AFB6261627C6299D00019179 /* Resources */ = {
			isa = PBXResourcesBuildPhase;
			buildActionMask = 2147483647;
			files = (
				AFB6262327C629A400019179 /* Preview Assets.xcassets in Resources */,
				AFB6262027C629A400019179 /* Assets.xcassets in Resources */,
			);
			runOnlyForDeploymentPostprocessing = 0;
		};
/* End PBXResourcesBuildPhase section */

/* Begin PBXShellScriptBuildPhase section */
		5633152C37A2A4A3803A0FC0 /* [CP] Embed Pods Frameworks */ = {
			isa = PBXShellScriptBuildPhase;
			buildActionMask = 2147483647;
			files = (
			);
			inputFileListPaths = (
				"${PODS_ROOT}/Target Support Files/Pods-OpenSeaAssets/Pods-OpenSeaAssets-frameworks-${CONFIGURATION}-input-files.xcfilelist",
			);
			name = "[CP] Embed Pods Frameworks";
			outputFileListPaths = (
				"${PODS_ROOT}/Target Support Files/Pods-OpenSeaAssets/Pods-OpenSeaAssets-frameworks-${CONFIGURATION}-output-files.xcfilelist",
			);
			runOnlyForDeploymentPostprocessing = 0;
			shellPath = /bin/sh;
			shellScript = "\"${PODS_ROOT}/Target Support Files/Pods-OpenSeaAssets/Pods-OpenSeaAssets-frameworks.sh\"\n";
			showEnvVarsInLog = 0;
		};
		F594351F696D5025794BDED4 /* [CP] Check Pods Manifest.lock */ = {
			isa = PBXShellScriptBuildPhase;
			buildActionMask = 2147483647;
			files = (
			);
			inputFileListPaths = (
			);
			inputPaths = (
				"${PODS_PODFILE_DIR_PATH}/Podfile.lock",
				"${PODS_ROOT}/Manifest.lock",
			);
			name = "[CP] Check Pods Manifest.lock";
			outputFileListPaths = (
			);
			outputPaths = (
				"$(DERIVED_FILE_DIR)/Pods-OpenSeaAssets-checkManifestLockResult.txt",
			);
			runOnlyForDeploymentPostprocessing = 0;
			shellPath = /bin/sh;
			shellScript = "diff \"${PODS_PODFILE_DIR_PATH}/Podfile.lock\" \"${PODS_ROOT}/Manifest.lock\" > /dev/null\nif [ $? != 0 ] ; then\n    # print error to STDERR\n    echo \"error: The sandbox is not in sync with the Podfile.lock. Run 'pod install' or update your CocoaPods installation.\" >&2\n    exit 1\nfi\n# This output is used by Xcode 'outputs' to avoid re-running this script phase.\necho \"SUCCESS\" > \"${SCRIPT_OUTPUT_FILE_0}\"\n";
			showEnvVarsInLog = 0;
		};
/* End PBXShellScriptBuildPhase section */

/* Begin PBXSourcesBuildPhase section */
		AFB6261427C6299D00019179 /* Sources */ = {
			isa = PBXSourcesBuildPhase;
			buildActionMask = 2147483647;
			files = (
				AFB6264227C641ED00019179 /* NetworkService.swift in Sources */,
				AFB6263C27C641E100019179 /* Asset.swift in Sources */,
				AFB6264527C6420500019179 /* OpenSeaModel.swift in Sources */,
				AFB6264327C641ED00019179 /* OpenSeaAPI.swift in Sources */,
				AFB6264127C641ED00019179 /* NetworkServiceProvider.swift in Sources */,
				AFB6261E27C6299D00019179 /* ContentView.swift in Sources */,
				AFB6261C27C6299D00019179 /* OpenSeaAssetsApp.swift in Sources */,
			);
			runOnlyForDeploymentPostprocessing = 0;
		};
/* End PBXSourcesBuildPhase section */

/* Begin XCBuildConfiguration section */
		AFB6262427C629A400019179 /* Debug */ = {
			isa = XCBuildConfiguration;
			buildSettings = {
				ALWAYS_SEARCH_USER_PATHS = NO;
				CLANG_ANALYZER_NONNULL = YES;
				CLANG_ANALYZER_NUMBER_OBJECT_CONVERSION = YES_AGGRESSIVE;
				CLANG_CXX_LANGUAGE_STANDARD = "gnu++17";
				CLANG_CXX_LIBRARY = "libc++";
				CLANG_ENABLE_MODULES = YES;
				CLANG_ENABLE_OBJC_ARC = YES;
				CLANG_ENABLE_OBJC_WEAK = YES;
				CLANG_WARN_BLOCK_CAPTURE_AUTORELEASING = YES;
				CLANG_WARN_BOOL_CONVERSION = YES;
				CLANG_WARN_COMMA = YES;
				CLANG_WARN_CONSTANT_CONVERSION = YES;
				CLANG_WARN_DEPRECATED_OBJC_IMPLEMENTATIONS = YES;
				CLANG_WARN_DIRECT_OBJC_ISA_USAGE = YES_ERROR;
				CLANG_WARN_DOCUMENTATION_COMMENTS = YES;
				CLANG_WARN_EMPTY_BODY = YES;
				CLANG_WARN_ENUM_CONVERSION = YES;
				CLANG_WARN_INFINITE_RECURSION = YES;
				CLANG_WARN_INT_CONVERSION = YES;
				CLANG_WARN_NON_LITERAL_NULL_CONVERSION = YES;
				CLANG_WARN_OBJC_IMPLICIT_RETAIN_SELF = YES;
				CLANG_WARN_OBJC_LITERAL_CONVERSION = YES;
				CLANG_WARN_OBJC_ROOT_CLASS = YES_ERROR;
				CLANG_WARN_QUOTED_INCLUDE_IN_FRAMEWORK_HEADER = YES;
				CLANG_WARN_RANGE_LOOP_ANALYSIS = YES;
				CLANG_WARN_STRICT_PROTOTYPES = YES;
				CLANG_WARN_SUSPICIOUS_MOVE = YES;
				CLANG_WARN_UNGUARDED_AVAILABILITY = YES_AGGRESSIVE;
				CLANG_WARN_UNREACHABLE_CODE = YES;
				CLANG_WARN__DUPLICATE_METHOD_MATCH = YES;
				COPY_PHASE_STRIP = NO;
				DEBUG_INFORMATION_FORMAT = dwarf;
				ENABLE_STRICT_OBJC_MSGSEND = YES;
				ENABLE_TESTABILITY = YES;
				GCC_C_LANGUAGE_STANDARD = gnu11;
				GCC_DYNAMIC_NO_PIC = NO;
				GCC_NO_COMMON_BLOCKS = YES;
				GCC_OPTIMIZATION_LEVEL = 0;
				GCC_PREPROCESSOR_DEFINITIONS = (
					"DEBUG=1",
					"$(inherited)",
				);
				GCC_WARN_64_TO_32_BIT_CONVERSION = YES;
				GCC_WARN_ABOUT_RETURN_TYPE = YES_ERROR;
				GCC_WARN_UNDECLARED_SELECTOR = YES;
				GCC_WARN_UNINITIALIZED_AUTOS = YES_AGGRESSIVE;
				GCC_WARN_UNUSED_FUNCTION = YES;
				GCC_WARN_UNUSED_VARIABLE = YES;
				IPHONEOS_DEPLOYMENT_TARGET = 15.0;
				MTL_ENABLE_DEBUG_INFO = INCLUDE_SOURCE;
				MTL_FAST_MATH = YES;
				ONLY_ACTIVE_ARCH = YES;
				SDKROOT = iphoneos;
				SWIFT_ACTIVE_COMPILATION_CONDITIONS = DEBUG;
				SWIFT_OPTIMIZATION_LEVEL = "-Onone";
			};
			name = Debug;
		};
		AFB6262527C629A400019179 /* Release */ = {
			isa = XCBuildConfiguration;
			buildSettings = {
				ALWAYS_SEARCH_USER_PATHS = NO;
				CLANG_ANALYZER_NONNULL = YES;
				CLANG_ANALYZER_NUMBER_OBJECT_CONVERSION = YES_AGGRESSIVE;
				CLANG_CXX_LANGUAGE_STANDARD = "gnu++17";
				CLANG_CXX_LIBRARY = "libc++";
				CLANG_ENABLE_MODULES = YES;
				CLANG_ENABLE_OBJC_ARC = YES;
				CLANG_ENABLE_OBJC_WEAK = YES;
				CLANG_WARN_BLOCK_CAPTURE_AUTORELEASING = YES;
				CLANG_WARN_BOOL_CONVERSION = YES;
				CLANG_WARN_COMMA = YES;
				CLANG_WARN_CONSTANT_CONVERSION = YES;
				CLANG_WARN_DEPRECATED_OBJC_IMPLEMENTATIONS = YES;
				CLANG_WARN_DIRECT_OBJC_ISA_USAGE = YES_ERROR;
				CLANG_WARN_DOCUMENTATION_COMMENTS = YES;
				CLANG_WARN_EMPTY_BODY = YES;
				CLANG_WARN_ENUM_CONVERSION = YES;
				CLANG_WARN_INFINITE_RECURSION = YES;
				CLANG_WARN_INT_CONVERSION = YES;
				CLANG_WARN_NON_LITERAL_NULL_CONVERSION = YES;
				CLANG_WARN_OBJC_IMPLICIT_RETAIN_SELF = YES;
				CLANG_WARN_OBJC_LITERAL_CONVERSION = YES;
				CLANG_WARN_OBJC_ROOT_CLASS = YES_ERROR;
				CLANG_WARN_QUOTED_INCLUDE_IN_FRAMEWORK_HEADER = YES;
				CLANG_WARN_RANGE_LOOP_ANALYSIS = YES;
				CLANG_WARN_STRICT_PROTOTYPES = YES;
				CLANG_WARN_SUSPICIOUS_MOVE = YES;
				CLANG_WARN_UNGUARDED_AVAILABILITY = YES_AGGRESSIVE;
				CLANG_WARN_UNREACHABLE_CODE = YES;
				CLANG_WARN__DUPLICATE_METHOD_MATCH = YES;
				COPY_PHASE_STRIP = NO;
				DEBUG_INFORMATION_FORMAT = "dwarf-with-dsym";
				ENABLE_NS_ASSERTIONS = NO;
				ENABLE_STRICT_OBJC_MSGSEND = YES;
				GCC_C_LANGUAGE_STANDARD = gnu11;
				GCC_NO_COMMON_BLOCKS = YES;
				GCC_WARN_64_TO_32_BIT_CONVERSION = YES;
				GCC_WARN_ABOUT_RETURN_TYPE = YES_ERROR;
				GCC_WARN_UNDECLARED_SELECTOR = YES;
				GCC_WARN_UNINITIALIZED_AUTOS = YES_AGGRESSIVE;
				GCC_WARN_UNUSED_FUNCTION = YES;
				GCC_WARN_UNUSED_VARIABLE = YES;
				IPHONEOS_DEPLOYMENT_TARGET = 15.0;
				MTL_ENABLE_DEBUG_INFO = NO;
				MTL_FAST_MATH = YES;
				SDKROOT = iphoneos;
				SWIFT_COMPILATION_MODE = wholemodule;
				SWIFT_OPTIMIZATION_LEVEL = "-O";
				VALIDATE_PRODUCT = YES;
			};
			name = Release;
		};
		AFB6262727C629A500019179 /* Debug */ = {
			isa = XCBuildConfiguration;
			baseConfigurationReference = E5A9051E145EABCEE7EA47A0 /* Pods-OpenSeaAssets.debug.xcconfig */;
			buildSettings = {
				ASSETCATALOG_COMPILER_APPICON_NAME = AppIcon;
				ASSETCATALOG_COMPILER_GLOBAL_ACCENT_COLOR_NAME = AccentColor;
				CODE_SIGN_STYLE = Automatic;
				CURRENT_PROJECT_VERSION = 1;
				DEVELOPMENT_ASSET_PATHS = "\"OpenSeaAssets/Preview Content\"";
				DEVELOPMENT_TEAM = 6DVP493TGC;
				ENABLE_PREVIEWS = YES;
				GENERATE_INFOPLIST_FILE = YES;
				INFOPLIST_KEY_UIApplicationSceneManifest_Generation = YES;
				INFOPLIST_KEY_UIApplicationSupportsIndirectInputEvents = YES;
				INFOPLIST_KEY_UILaunchScreen_Generation = YES;
				INFOPLIST_KEY_UISupportedInterfaceOrientations_iPad = "UIInterfaceOrientationPortrait UIInterfaceOrientationPortraitUpsideDown UIInterfaceOrientationLandscapeLeft UIInterfaceOrientationLandscapeRight";
				INFOPLIST_KEY_UISupportedInterfaceOrientations_iPhone = "UIInterfaceOrientationPortrait UIInterfaceOrientationLandscapeLeft UIInterfaceOrientationLandscapeRight";
				LD_RUNPATH_SEARCH_PATHS = (
					"$(inherited)",
					"@executable_path/Frameworks",
				);
				MARKETING_VERSION = 1.0;
				PRODUCT_BUNDLE_IDENTIFIER = com.Huang.OpenSeaAssets;
				PRODUCT_NAME = "$(TARGET_NAME)";
				SWIFT_EMIT_LOC_STRINGS = YES;
				SWIFT_VERSION = 5.0;
				TARGETED_DEVICE_FAMILY = "1,2";
			};
			name = Debug;
		};
		AFB6262827C629A500019179 /* Release */ = {
			isa = XCBuildConfiguration;
			baseConfigurationReference = ABD68B1CF2FFD4597A1C493C /* Pods-OpenSeaAssets.release.xcconfig */;
			buildSettings = {
				ASSETCATALOG_COMPILER_APPICON_NAME = AppIcon;
				ASSETCATALOG_COMPILER_GLOBAL_ACCENT_COLOR_NAME = AccentColor;
				CODE_SIGN_STYLE = Automatic;
				CURRENT_PROJECT_VERSION = 1;
				DEVELOPMENT_ASSET_PATHS = "\"OpenSeaAssets/Preview Content\"";
				DEVELOPMENT_TEAM = 6DVP493TGC;
				ENABLE_PREVIEWS = YES;
				GENERATE_INFOPLIST_FILE = YES;
				INFOPLIST_KEY_UIApplicationSceneManifest_Generation = YES;
				INFOPLIST_KEY_UIApplicationSupportsIndirectInputEvents = YES;
				INFOPLIST_KEY_UILaunchScreen_Generation = YES;
				INFOPLIST_KEY_UISupportedInterfaceOrientations_iPad = "UIInterfaceOrientationPortrait UIInterfaceOrientationPortraitUpsideDown UIInterfaceOrientationLandscapeLeft UIInterfaceOrientationLandscapeRight";
				INFOPLIST_KEY_UISupportedInterfaceOrientations_iPhone = "UIInterfaceOrientationPortrait UIInterfaceOrientationLandscapeLeft UIInterfaceOrientationLandscapeRight";
				LD_RUNPATH_SEARCH_PATHS = (
					"$(inherited)",
					"@executable_path/Frameworks",
				);
				MARKETING_VERSION = 1.0;
				PRODUCT_BUNDLE_IDENTIFIER = com.Huang.OpenSeaAssets;
				PRODUCT_NAME = "$(TARGET_NAME)";
				SWIFT_EMIT_LOC_STRINGS = YES;
				SWIFT_VERSION = 5.0;
				TARGETED_DEVICE_FAMILY = "1,2";
			};
			name = Release;
		};
/* End XCBuildConfiguration section */

/* Begin XCConfigurationList section */
		AFB6261327C6299D00019179 /* Build configuration list for PBXProject "OpenSeaAssets" */ = {
			isa = XCConfigurationList;
			buildConfigurations = (
				AFB6262427C629A400019179 /* Debug */,
				AFB6262527C629A400019179 /* Release */,
			);
			defaultConfigurationIsVisible = 0;
			defaultConfigurationName = Release;
		};
		AFB6262627C629A500019179 /* Build configuration list for PBXNativeTarget "OpenSeaAssets" */ = {
			isa = XCConfigurationList;
			buildConfigurations = (
				AFB6262727C629A500019179 /* Debug */,
				AFB6262827C629A500019179 /* Release */,
			);
			defaultConfigurationIsVisible = 0;
			defaultConfigurationName = Release;
		};
/* End XCConfigurationList section */
	};
	rootObject = AFB6261027C6299D00019179 /* Project object */;
}
